// !$*UTF8*$!
{
	archiveVersion = 1;
	classes = {
	};
	objectVersion = 50;
	objects = {

/* Begin PBXBuildFile section */
		B2212ABB258755C400C42CC6 /* AppDelegate.swift in Sources */ = {isa = PBXBuildFile; fileRef = B2212ABA258755C400C42CC6 /* AppDelegate.swift */; };
		B2212ABD258755C400C42CC6 /* SceneDelegate.swift in Sources */ = {isa = PBXBuildFile; fileRef = B2212ABC258755C400C42CC6 /* SceneDelegate.swift */; };
		B2212ABF258755C400C42CC6 /* ViewController.swift in Sources */ = {isa = PBXBuildFile; fileRef = B2212ABE258755C400C42CC6 /* ViewController.swift */; };
		B2212AC2258755C400C42CC6 /* Main.storyboard in Resources */ = {isa = PBXBuildFile; fileRef = B2212AC0258755C400C42CC6 /* Main.storyboard */; };
		B2212AC4258755C600C42CC6 /* Assets.xcassets in Resources */ = {isa = PBXBuildFile; fileRef = B2212AC3258755C600C42CC6 /* Assets.xcassets */; };
		B2212AC7258755C600C42CC6 /* LaunchScreen.storyboard in Resources */ = {isa = PBXBuildFile; fileRef = B2212AC5258755C600C42CC6 /* LaunchScreen.storyboard */; };
		B2212AD2258755C600C42CC6 /* Quote_TodayTests.swift in Sources */ = {isa = PBXBuildFile; fileRef = B2212AD1258755C600C42CC6 /* Quote_TodayTests.swift */; };
		B2212ADD258755C600C42CC6 /* Quote_TodayUITests.swift in Sources */ = {isa = PBXBuildFile; fileRef = B2212ADC258755C600C42CC6 /* Quote_TodayUITests.swift */; };
/* End PBXBuildFile section */

/* Begin PBXContainerItemProxy section */
		B2212ACE258755C600C42CC6 /* PBXContainerItemProxy */ = {
			isa = PBXContainerItemProxy;
			containerPortal = B2212AAF258755C400C42CC6 /* Project object */;
			proxyType = 1;
			remoteGlobalIDString = B2212AB6258755C400C42CC6;
			remoteInfo = "Quote Today";
		};
		B2212AD9258755C600C42CC6 /* PBXContainerItemProxy */ = {
			isa = PBXContainerItemProxy;
			containerPortal = B2212AAF258755C400C42CC6 /* Project object */;
			proxyType = 1;
			remoteGlobalIDString = B2212AB6258755C400C42CC6;
			remoteInfo = "Quote Today";
		};
/* End PBXContainerItemProxy section */

/* Begin PBXFileReference section */
		B2212AB7258755C400C42CC6 /* Quote Today.app */ = {isa = PBXFileReference; explicitFileType = wrapper.application; includeInIndex = 0; path = "Quote Today.app"; sourceTree = BUILT_PRODUCTS_DIR; };
		B2212ABA258755C400C42CC6 /* AppDelegate.swift */ = {isa = PBXFileReference; lastKnownFileType = sourcecode.swift; path = AppDelegate.swift; sourceTree = "<group>"; };
		B2212ABC258755C400C42CC6 /* SceneDelegate.swift */ = {isa = PBXFileReference; lastKnownFileType = sourcecode.swift; path = SceneDelegate.swift; sourceTree = "<group>"; };
		B2212ABE258755C400C42CC6 /* ViewController.swift */ = {isa = PBXFileReference; lastKnownFileType = sourcecode.swift; path = ViewController.swift; sourceTree = "<group>"; };
		B2212AC1258755C400C42CC6 /* Base */ = {isa = PBXFileReference; lastKnownFileType = file.storyboard; name = Base; path = Base.lproj/Main.storyboard; sourceTree = "<group>"; };
		B2212AC3258755C600C42CC6 /* Assets.xcassets */ = {isa = PBXFileReference; lastKnownFileType = folder.assetcatalog; path = Assets.xcassets; sourceTree = "<group>"; };
		B2212AC6258755C600C42CC6 /* Base */ = {isa = PBXFileReference; lastKnownFileType = file.storyboard; name = Base; path = Base.lproj/LaunchScreen.storyboard; sourceTree = "<group>"; };
		B2212AC8258755C600C42CC6 /* Info.plist */ = {isa = PBXFileReference; lastKnownFileType = text.plist.xml; path = Info.plist; sourceTree = "<group>"; };
		B2212ACD258755C600C42CC6 /* Quote TodayTests.xctest */ = {isa = PBXFileReference; explicitFileType = wrapper.cfbundle; includeInIndex = 0; path = "Quote TodayTests.xctest"; sourceTree = BUILT_PRODUCTS_DIR; };
		B2212AD1258755C600C42CC6 /* Quote_TodayTests.swift */ = {isa = PBXFileReference; lastKnownFileType = sourcecode.swift; path = Quote_TodayTests.swift; sourceTree = "<group>"; };
		B2212AD3258755C600C42CC6 /* Info.plist */ = {isa = PBXFileReference; lastKnownFileType = text.plist.xml; path = Info.plist; sourceTree = "<group>"; };
		B2212AD8258755C600C42CC6 /* Quote TodayUITests.xctest */ = {isa = PBXFileReference; explicitFileType = wrapper.cfbundle; includeInIndex = 0; path = "Quote TodayUITests.xctest"; sourceTree = BUILT_PRODUCTS_DIR; };
		B2212ADC258755C600C42CC6 /* Quote_TodayUITests.swift */ = {isa = PBXFileReference; lastKnownFileType = sourcecode.swift; path = Quote_TodayUITests.swift; sourceTree = "<group>"; };
		B2212ADE258755C600C42CC6 /* Info.plist */ = {isa = PBXFileReference; lastKnownFileType = text.plist.xml; path = Info.plist; sourceTree = "<group>"; };
/* End PBXFileReference section */

/* Begin PBXFrameworksBuildPhase section */
		B2212AB4258755C400C42CC6 /* Frameworks */ = {
			isa = PBXFrameworksBuildPhase;
			buildActionMask = 2147483647;
			files = (
			);
			runOnlyForDeploymentPostprocessing = 0;
		};
		B2212ACA258755C600C42CC6 /* Frameworks */ = {
			isa = PBXFrameworksBuildPhase;
			buildActionMask = 2147483647;
			files = (
			);
			runOnlyForDeploymentPostprocessing = 0;
		};
		B2212AD5258755C600C42CC6 /* Frameworks */ = {
			isa = PBXFrameworksBuildPhase;
			buildActionMask = 2147483647;
			files = (
			);
			runOnlyForDeploymentPostprocessing = 0;
		};
/* End PBXFrameworksBuildPhase section */

/* Begin PBXGroup section */
		B2212AAE258755C400C42CC6 = {
			isa = PBXGroup;
			children = (
				B2212AB9258755C400C42CC6 /* Quote Today */,
				B2212AD0258755C600C42CC6 /* Quote TodayTests */,
				B2212ADB258755C600C42CC6 /* Quote TodayUITests */,
				B2212AB8258755C400C42CC6 /* Products */,
			);
			sourceTree = "<group>";
		};
		B2212AB8258755C400C42CC6 /* Products */ = {
			isa = PBXGroup;
			children = (
				B2212AB7258755C400C42CC6 /* Quote Today.app */,
				B2212ACD258755C600C42CC6 /* Quote TodayTests.xctest */,
				B2212AD8258755C600C42CC6 /* Quote TodayUITests.xctest */,
			);
			name = Products;
			sourceTree = "<group>";
		};
		B2212AB9258755C400C42CC6 /* Quote Today */ = {
			isa = PBXGroup;
			children = (
				B2212ABA258755C400C42CC6 /* AppDelegate.swift */,
				B2212ABC258755C400C42CC6 /* SceneDelegate.swift */,
				B2212ABE258755C400C42CC6 /* ViewController.swift */,
				B2212AC0258755C400C42CC6 /* Main.storyboard */,
				B2212AC3258755C600C42CC6 /* Assets.xcassets */,
				B2212AC5258755C600C42CC6 /* LaunchScreen.storyboard */,
				B2212AC8258755C600C42CC6 /* Info.plist */,
			);
			path = "Quote Today";
			sourceTree = "<group>";
		};
		B2212AD0258755C600C42CC6 /* Quote TodayTests */ = {
			isa = PBXGroup;
			children = (
				B2212AD1258755C600C42CC6 /* Quote_TodayTests.swift */,
				B2212AD3258755C600C42CC6 /* Info.plist */,
			);
			path = "Quote TodayTests";
			sourceTree = "<group>";
		};
		B2212ADB258755C600C42CC6 /* Quote TodayUITests */ = {
			isa = PBXGroup;
			children = (
				B2212ADC258755C600C42CC6 /* Quote_TodayUITests.swift */,
				B2212ADE258755C600C42CC6 /* Info.plist */,
			);
			path = "Quote TodayUITests";
			sourceTree = "<group>";
		};
/* End PBXGroup section */

/* Begin PBXNativeTarget section */
		B2212AB6258755C400C42CC6 /* Quote Today */ = {
			isa = PBXNativeTarget;
			buildConfigurationList = B2212AE1258755C600C42CC6 /* Build configuration list for PBXNativeTarget "Quote Today" */;
			buildPhases = (
				B2212AB3258755C400C42CC6 /* Sources */,
				B2212AB4258755C400C42CC6 /* Frameworks */,
				B2212AB5258755C400C42CC6 /* Resources */,
			);
			buildRules = (
			);
			dependencies = (
			);
			name = "Quote Today";
			productName = "Quote Today";
			productReference = B2212AB7258755C400C42CC6 /* Quote Today.app */;
			productType = "com.apple.product-type.application";
		};
		B2212ACC258755C600C42CC6 /* Quote TodayTests */ = {
			isa = PBXNativeTarget;
			buildConfigurationList = B2212AE4258755C600C42CC6 /* Build configuration list for PBXNativeTarget "Quote TodayTests" */;
			buildPhases = (
				B2212AC9258755C600C42CC6 /* Sources */,
				B2212ACA258755C600C42CC6 /* Frameworks */,
				B2212ACB258755C600C42CC6 /* Resources */,
			);
			buildRules = (
			);
			dependencies = (
				B2212ACF258755C600C42CC6 /* PBXTargetDependency */,
			);
			name = "Quote TodayTests";
			productName = "Quote TodayTests";
			productReference = B2212ACD258755C600C42CC6 /* Quote TodayTests.xctest */;
			productType = "com.apple.product-type.bundle.unit-test";
		};
		B2212AD7258755C600C42CC6 /* Quote TodayUITests */ = {
			isa = PBXNativeTarget;
			buildConfigurationList = B2212AE7258755C600C42CC6 /* Build configuration list for PBXNativeTarget "Quote TodayUITests" */;
			buildPhases = (
				B2212AD4258755C600C42CC6 /* Sources */,
				B2212AD5258755C600C42CC6 /* Frameworks */,
				B2212AD6258755C600C42CC6 /* Resources */,
			);
			buildRules = (
			);
			dependencies = (
				B2212ADA258755C600C42CC6 /* PBXTargetDependency */,
			);
			name = "Quote TodayUITests";
			productName = "Quote TodayUITests";
			productReference = B2212AD8258755C600C42CC6 /* Quote TodayUITests.xctest */;
			productType = "com.apple.product-type.bundle.ui-testing";
		};
/* End PBXNativeTarget section */

/* Begin PBXProject section */
		B2212AAF258755C400C42CC6 /* Project object */ = {
			isa = PBXProject;
			attributes = {
				LastSwiftUpdateCheck = 1220;
				LastUpgradeCheck = 1220;
				TargetAttributes = {
					B2212AB6258755C400C42CC6 = {
						CreatedOnToolsVersion = 12.2;
					};
					B2212ACC258755C600C42CC6 = {
						CreatedOnToolsVersion = 12.2;
						TestTargetID = B2212AB6258755C400C42CC6;
					};
					B2212AD7258755C600C42CC6 = {
						CreatedOnToolsVersion = 12.2;
						TestTargetID = B2212AB6258755C400C42CC6;
					};
				};
			};
			buildConfigurationList = B2212AB2258755C400C42CC6 /* Build configuration list for PBXProject "Quote Today" */;
			compatibilityVersion = "Xcode 9.3";
			developmentRegion = en;
			hasScannedForEncodings = 0;
			knownRegions = (
				en,
				Base,
			);
			mainGroup = B2212AAE258755C400C42CC6;
			productRefGroup = B2212AB8258755C400C42CC6 /* Products */;
			projectDirPath = "";
			projectRoot = "";
			targets = (
				B2212AB6258755C400C42CC6 /* Quote Today */,
				B2212ACC258755C600C42CC6 /* Quote TodayTests */,
				B2212AD7258755C600C42CC6 /* Quote TodayUITests */,
			);
		};
/* End PBXProject section */

/* Begin PBXResourcesBuildPhase section */
		B2212AB5258755C400C42CC6 /* Resources */ = {
			isa = PBXResourcesBuildPhase;
			buildActionMask = 2147483647;
			files = (
				B2212AC7258755C600C42CC6 /* LaunchScreen.storyboard in Resources */,
				B2212AC4258755C600C42CC6 /* Assets.xcassets in Resources */,
				B2212AC2258755C400C42CC6 /* Main.storyboard in Resources */,
			);
			runOnlyForDeploymentPostprocessing = 0;
		};
		B2212ACB258755C600C42CC6 /* Resources */ = {
			isa = PBXResourcesBuildPhase;
			buildActionMask = 2147483647;
			files = (
			);
			runOnlyForDeploymentPostprocessing = 0;
		};
		B2212AD6258755C600C42CC6 /* Resources */ = {
			isa = PBXResourcesBuildPhase;
			buildActionMask = 2147483647;
			files = (
			);
			runOnlyForDeploymentPostprocessing = 0;
		};
/* End PBXResourcesBuildPhase section */

/* Begin PBXSourcesBuildPhase section */
		B2212AB3258755C400C42CC6 /* Sources */ = {
			isa = PBXSourcesBuildPhase;
			buildActionMask = 2147483647;
			files = (
				B2212ABF258755C400C42CC6 /* ViewController.swift in Sources */,
				B2212ABB258755C400C42CC6 /* AppDelegate.swift in Sources */,
				B2212ABD258755C400C42CC6 /* SceneDelegate.swift in Sources */,
			);
			runOnlyForDeploymentPostprocessing = 0;
		};
		B2212AC9258755C600C42CC6 /* Sources */ = {
			isa = PBXSourcesBuildPhase;
			buildActionMask = 2147483647;
			files = (
				B2212AD2258755C600C42CC6 /* Quote_TodayTests.swift in Sources */,
			);
			runOnlyForDeploymentPostprocessing = 0;
		};
		B2212AD4258755C600C42CC6 /* Sources */ = {
			isa = PBXSourcesBuildPhase;
			buildActionMask = 2147483647;
			files = (
				B2212ADD258755C600C42CC6 /* Quote_TodayUITests.swift in Sources */,
			);
			runOnlyForDeploymentPostprocessing = 0;
		};
/* End PBXSourcesBuildPhase section */

/* Begin PBXTargetDependency section */
		B2212ACF258755C600C42CC6 /* PBXTargetDependency */ = {
			isa = PBXTargetDependency;
			target = B2212AB6258755C400C42CC6 /* Quote Today */;
			targetProxy = B2212ACE258755C600C42CC6 /* PBXContainerItemProxy */;
		};
		B2212ADA258755C600C42CC6 /* PBXTargetDependency */ = {
			isa = PBXTargetDependency;
			target = B2212AB6258755C400C42CC6 /* Quote Today */;
			targetProxy = B2212AD9258755C600C42CC6 /* PBXContainerItemProxy */;
		};
/* End PBXTargetDependency section */

/* Begin PBXVariantGroup section */
		B2212AC0258755C400C42CC6 /* Main.storyboard */ = {
			isa = PBXVariantGroup;
			children = (
				B2212AC1258755C400C42CC6 /* Base */,
			);
			name = Main.storyboard;
			sourceTree = "<group>";
		};
		B2212AC5258755C600C42CC6 /* LaunchScreen.storyboard */ = {
			isa = PBXVariantGroup;
			children = (
				B2212AC6258755C600C42CC6 /* Base */,
			);
			name = LaunchScreen.storyboard;
			sourceTree = "<group>";
		};
/* End PBXVariantGroup section */

/* Begin XCBuildConfiguration section */
		B2212ADF258755C600C42CC6 /* Debug */ = {
			isa = XCBuildConfiguration;
			buildSettings = {
				ALWAYS_SEARCH_USER_PATHS = NO;
				CLANG_ANALYZER_NONNULL = YES;
				CLANG_ANALYZER_NUMBER_OBJECT_CONVERSION = YES_AGGRESSIVE;
				CLANG_CXX_LANGUAGE_STANDARD = "gnu++14";
				CLANG_CXX_LIBRARY = "libc++";
				CLANG_ENABLE_MODULES = YES;
				CLANG_ENABLE_OBJC_ARC = YES;
				CLANG_ENABLE_OBJC_WEAK = YES;
				CLANG_WARN_BLOCK_CAPTURE_AUTORELEASING = YES;
				CLANG_WARN_BOOL_CONVERSION = YES;
				CLANG_WARN_COMMA = YES;
				CLANG_WARN_CONSTANT_CONVERSION = YES;
				CLANG_WARN_DEPRECATED_OBJC_IMPLEMENTATIONS = YES;
				CLANG_WARN_DIRECT_OBJC_ISA_USAGE = YES_ERROR;
				CLANG_WARN_DOCUMENTATION_COMMENTS = YES;
				CLANG_WARN_EMPTY_BODY = YES;
				CLANG_WARN_ENUM_CONVERSION = YES;
				CLANG_WARN_INFINITE_RECURSION = YES;
				CLANG_WARN_INT_CONVERSION = YES;
				CLANG_WARN_NON_LITERAL_NULL_CONVERSION = YES;
				CLANG_WARN_OBJC_IMPLICIT_RETAIN_SELF = YES;
				CLANG_WARN_OBJC_LITERAL_CONVERSION = YES;
				CLANG_WARN_OBJC_ROOT_CLASS = YES_ERROR;
				CLANG_WARN_QUOTED_INCLUDE_IN_FRAMEWORK_HEADER = YES;
				CLANG_WARN_RANGE_LOOP_ANALYSIS = YES;
				CLANG_WARN_STRICT_PROTOTYPES = YES;
				CLANG_WARN_SUSPICIOUS_MOVE = YES;
				CLANG_WARN_UNGUARDED_AVAILABILITY = YES_AGGRESSIVE;
				CLANG_WARN_UNREACHABLE_CODE = YES;
				CLANG_WARN__DUPLICATE_METHOD_MATCH = YES;
				COPY_PHASE_STRIP = NO;
				DEBUG_INFORMATION_FORMAT = dwarf;
				ENABLE_STRICT_OBJC_MSGSEND = YES;
				ENABLE_TESTABILITY = YES;
				GCC_C_LANGUAGE_STANDARD = gnu11;
				GCC_DYNAMIC_NO_PIC = NO;
				GCC_NO_COMMON_BLOCKS = YES;
				GCC_OPTIMIZATION_LEVEL = 0;
				GCC_PREPROCESSOR_DEFINITIONS = (
					"DEBUG=1",
					"$(inherited)",
				);
				GCC_WARN_64_TO_32_BIT_CONVERSION = YES;
				GCC_WARN_ABOUT_RETURN_TYPE = YES_ERROR;
				GCC_WARN_UNDECLARED_SELECTOR = YES;
				GCC_WARN_UNINITIALIZED_AUTOS = YES_AGGRESSIVE;
				GCC_WARN_UNUSED_FUNCTION = YES;
				GCC_WARN_UNUSED_VARIABLE = YES;
				IPHONEOS_DEPLOYMENT_TARGET = 14.2;
				MTL_ENABLE_DEBUG_INFO = INCLUDE_SOURCE;
				MTL_FAST_MATH = YES;
				ONLY_ACTIVE_ARCH = YES;
				SDKROOT = iphoneos;
				SWIFT_ACTIVE_COMPILATION_CONDITIONS = DEBUG;
				SWIFT_OPTIMIZATION_LEVEL = "-Onone";
			};
			name = Debug;
		};
		B2212AE0258755C600C42CC6 /* Release */ = {
			isa = XCBuildConfiguration;
			buildSettings = {
				ALWAYS_SEARCH_USER_PATHS = NO;
				CLANG_ANALYZER_NONNULL = YES;
				CLANG_ANALYZER_NUMBER_OBJECT_CONVERSION = YES_AGGRESSIVE;
				CLANG_CXX_LANGUAGE_STANDARD = "gnu++14";
				CLANG_CXX_LIBRARY = "libc++";
				CLANG_ENABLE_MODULES = YES;
				CLANG_ENABLE_OBJC_ARC = YES;
				CLANG_ENABLE_OBJC_WEAK = YES;
				CLANG_WARN_BLOCK_CAPTURE_AUTORELEASING = YES;
				CLANG_WARN_BOOL_CONVERSION = YES;
				CLANG_WARN_COMMA = YES;
				CLANG_WARN_CONSTANT_CONVERSION = YES;
				CLANG_WARN_DEPRECATED_OBJC_IMPLEMENTATIONS = YES;
				CLANG_WARN_DIRECT_OBJC_ISA_USAGE = YES_ERROR;
				CLANG_WARN_DOCUMENTATION_COMMENTS = YES;
				CLANG_WARN_EMPTY_BODY = YES;
				CLANG_WARN_ENUM_CONVERSION = YES;
				CLANG_WARN_INFINITE_RECURSION = YES;
				CLANG_WARN_INT_CONVERSION = YES;
				CLANG_WARN_NON_LITERAL_NULL_CONVERSION = YES;
				CLANG_WARN_OBJC_IMPLICIT_RETAIN_SELF = YES;
				CLANG_WARN_OBJC_LITERAL_CONVERSION = YES;
				CLANG_WARN_OBJC_ROOT_CLASS = YES_ERROR;
				CLANG_WARN_QUOTED_INCLUDE_IN_FRAMEWORK_HEADER = YES;
				CLANG_WARN_RANGE_LOOP_ANALYSIS = YES;
				CLANG_WARN_STRICT_PROTOTYPES = YES;
				CLANG_WARN_SUSPICIOUS_MOVE = YES;
				CLANG_WARN_UNGUARDED_AVAILABILITY = YES_AGGRESSIVE;
				CLANG_WARN_UNREACHABLE_CODE = YES;
				CLANG_WARN__DUPLICATE_METHOD_MATCH = YES;
				COPY_PHASE_STRIP = NO;
				DEBUG_INFORMATION_FORMAT = "dwarf-with-dsym";
				ENABLE_NS_ASSERTIONS = NO;
				ENABLE_STRICT_OBJC_MSGSEND = YES;
				GCC_C_LANGUAGE_STANDARD = gnu11;
				GCC_NO_COMMON_BLOCKS = YES;
				GCC_WARN_64_TO_32_BIT_CONVERSION = YES;
				GCC_WARN_ABOUT_RETURN_TYPE = YES_ERROR;
				GCC_WARN_UNDECLARED_SELECTOR = YES;
				GCC_WARN_UNINITIALIZED_AUTOS = YES_AGGRESSIVE;
				GCC_WARN_UNUSED_FUNCTION = YES;
				GCC_WARN_UNUSED_VARIABLE = YES;
				IPHONEOS_DEPLOYMENT_TARGET = 14.2;
				MTL_ENABLE_DEBUG_INFO = NO;
				MTL_FAST_MATH = YES;
				SDKROOT = iphoneos;
				SWIFT_COMPILATION_MODE = wholemodule;
				SWIFT_OPTIMIZATION_LEVEL = "-O";
				VALIDATE_PRODUCT = YES;
			};
			name = Release;
		};
		B2212AE2258755C600C42CC6 /* Debug */ = {
			isa = XCBuildConfiguration;
			buildSettings = {
				ASSETCATALOG_COMPILER_APPICON_NAME = AppIcon;
				ASSETCATALOG_COMPILER_GLOBAL_ACCENT_COLOR_NAME = AccentColor;
				CODE_SIGN_STYLE = Automatic;
				INFOPLIST_FILE = "Quote Today/Info.plist";
				LD_RUNPATH_SEARCH_PATHS = (
					"$(inherited)",
					"@executable_path/Frameworks",
				);
				PRODUCT_BUNDLE_IDENTIFIER = "net.makzan.demo.Quote-Today";
				PRODUCT_NAME = "$(TARGET_NAME)";
				SWIFT_VERSION = 5.0;
				TARGETED_DEVICE_FAMILY = "1,2";
			};
			name = Debug;
		};
		B2212AE3258755C600C42CC6 /* Release */ = {
			isa = XCBuildConfiguration;
			buildSettings = {
				ASSETCATALOG_COMPILER_APPICON_NAME = AppIcon;
				ASSETCATALOG_COMPILER_GLOBAL_ACCENT_COLOR_NAME = AccentColor;
				CODE_SIGN_STYLE = Automatic;
				INFOPLIST_FILE = "Quote Today/Info.plist";
				LD_RUNPATH_SEARCH_PATHS = (
					"$(inherited)",
					"@executable_path/Frameworks",
				);
				PRODUCT_BUNDLE_IDENTIFIER = "net.makzan.demo.Quote-Today";
				PRODUCT_NAME = "$(TARGET_NAME)";
				SWIFT_VERSION = 5.0;
				TARGETED_DEVICE_FAMILY = "1,2";
			};
			name = Release;
		};
		B2212AE5258755C600C42CC6 /* Debug */ = {
			isa = XCBuildConfiguration;
			buildSettings = {
				ALWAYS_EMBED_SWIFT_STANDARD_LIBRARIES = YES;
				BUNDLE_LOADER = "$(TEST_HOST)";
				CODE_SIGN_STYLE = Automatic;
				INFOPLIST_FILE = "Quote TodayTests/Info.plist";
				IPHONEOS_DEPLOYMENT_TARGET = 14.2;
				LD_RUNPATH_SEARCH_PATHS = (
					"$(inherited)",
					"@executable_path/Frameworks",
					"@loader_path/Frameworks",
				);
				PRODUCT_BUNDLE_IDENTIFIER = "net.makzan.demo.Quote-TodayTests";
				PRODUCT_NAME = "$(TARGET_NAME)";
				SWIFT_VERSION = 5.0;
				TARGETED_DEVICE_FAMILY = "1,2";
				TEST_HOST = "$(BUILT_PRODUCTS_DIR)/Quote Today.app/Quote Today";
			};
			name = Debug;
		};
		B2212AE6258755C600C42CC6 /* Release */ = {
			isa = XCBuildConfiguration;
			buildSettings = {
				ALWAYS_EMBED_SWIFT_STANDARD_LIBRARIES = YES;
				BUNDLE_LOADER = "$(TEST_HOST)";
				CODE_SIGN_STYLE = Automatic;
				INFOPLIST_FILE = "Quote TodayTests/Info.plist";
				IPHONEOS_DEPLOYMENT_TARGET = 14.2;
				LD_RUNPATH_SEARCH_PATHS = (
					"$(inherited)",
					"@executable_path/Frameworks",
					"@loader_path/Frameworks",
				);
				PRODUCT_BUNDLE_IDENTIFIER = "net.makzan.demo.Quote-TodayTests";
				PRODUCT_NAME = "$(TARGET_NAME)";
				SWIFT_VERSION = 5.0;
				TARGETED_DEVICE_FAMILY = "1,2";
				TEST_HOST = "$(BUILT_PRODUCTS_DIR)/Quote Today.app/Quote Today";
			};
			name = Release;
		};
		B2212AE8258755C600C42CC6 /* Debug */ = {
			isa = XCBuildConfiguration;
			buildSettings = {
				ALWAYS_EMBED_SWIFT_STANDARD_LIBRARIES = YES;
				CODE_SIGN_STYLE = Automatic;
				INFOPLIST_FILE = "Quote TodayUITests/Info.plist";
				LD_RUNPATH_SEARCH_PATHS = (
					"$(inherited)",
					"@executable_path/Frameworks",
					"@loader_path/Frameworks",
				);
				PRODUCT_BUNDLE_IDENTIFIER = "net.makzan.demo.Quote-TodayUITests";
				PRODUCT_NAME = "$(TARGET_NAME)";
				SWIFT_VERSION = 5.0;
				TARGETED_DEVICE_FAMILY = "1,2";
				TEST_TARGET_NAME = "Quote Today";
			};
			name = Debug;
		};
		B2212AE9258755C600C42CC6 /* Release */ = {
			isa = XCBuildConfiguration;
			buildSettings = {
				ALWAYS_EMBED_SWIFT_STANDARD_LIBRARIES = YES;
				CODE_SIGN_STYLE = Automatic;
				INFOPLIST_FILE = "Quote TodayUITests/Info.plist";
				LD_RUNPATH_SEARCH_PATHS = (
					"$(inherited)",
					"@executable_path/Frameworks",
					"@loader_path/Frameworks",
				);
				PRODUCT_BUNDLE_IDENTIFIER = "net.makzan.demo.Quote-TodayUITests";
				PRODUCT_NAME = "$(TARGET_NAME)";
				SWIFT_VERSION = 5.0;
				TARGETED_DEVICE_FAMILY = "1,2";
				TEST_TARGET_NAME = "Quote Today";
			};
			name = Release;
		};
/* End XCBuildConfiguration section */

/* Begin XCConfigurationList section */
		B2212AB2258755C400C42CC6 /* Build configuration list for PBXProject "Quote Today" */ = {
			isa = XCConfigurationList;
			buildConfigurations = (
				B2212ADF258755C600C42CC6 /* Debug */,
				B2212AE0258755C600C42CC6 /* Release */,
			);
			defaultConfigurationIsVisible = 0;
			defaultConfigurationName = Release;
		};
		B2212AE1258755C600C42CC6 /* Build configuration list for PBXNativeTarget "Quote Today" */ = {
			isa = XCConfigurationList;
			buildConfigurations = (
				B2212AE2258755C600C42CC6 /* Debug */,
				B2212AE3258755C600C42CC6 /* Release */,
			);
			defaultConfigurationIsVisible = 0;
			defaultConfigurationName = Release;
		};
		B2212AE4258755C600C42CC6 /* Build configuration list for PBXNativeTarget "Quote TodayTests" */ = {
			isa = XCConfigurationList;
			buildConfigurations = (
				B2212AE5258755C600C42CC6 /* Debug */,
				B2212AE6258755C600C42CC6 /* Release */,
			);
			defaultConfigurationIsVisible = 0;
			defaultConfigurationName = Release;
		};
		B2212AE7258755C600C42CC6 /* Build configuration list for PBXNativeTarget "Quote TodayUITests" */ = {
			isa = XCConfigurationList;
			buildConfigurations = (
				B2212AE8258755C600C42CC6 /* Debug */,
				B2212AE9258755C600C42CC6 /* Release */,
			);
			defaultConfigurationIsVisible = 0;
			defaultConfigurationName = Release;
		};
/* End XCConfigurationList section */
	};
	rootObject = B2212AAF258755C400C42CC6 /* Project object */;
}
